<?xml version="1.0" encoding="utf-8"?>
<Project ToolsVersion="4.0" xmlns="http://schemas.microsoft.com/developer/msbuild/2003">
  <ItemGroup>
    <Filter Include="Source Files">
      <UniqueIdentifier>{4FC737F1-C7A5-4376-A066-2A32D752A2FF}</UniqueIdentifier>
      <Extensions>cpp;c;cc;cxx;c++;cppm;ixx;def;odl;idl;hpj;bat;asm;asmx</Extensions>
    </Filter>
    <Filter Include="Header Files">
      <UniqueIdentifier>{93995380-89BD-4b04-88EB-625FBE52EBFB}</UniqueIdentifier>
      <Extensions>h;hh;hpp;hxx;h++;hm;inl;inc;ipp;xsd</Extensions>
    </Filter>
    <Filter Include="Resource Files">
      <UniqueIdentifier>{67DA6AB6-F800-4c08-8B7A-83BB121AAD01}</UniqueIdentifier>
      <Extensions>rc;ico;cur;bmp;dlg;rc2;rct;bin;rgs;gif;jpg;jpeg;jpe;resx;tiff;tif;png;wav;mfcribbon-ms</Extensions>
    </Filter>
    <Filter Include="Header Files\DirectX Helpers">
      <UniqueIdentifier>{34d4a895-c58d-47ac-b14d-631f8aac2fbd}</UniqueIdentifier>
    </Filter>
    <Filter Include="Source Files\DirectX Helpers">
      <UniqueIdentifier>{71d45e17-b04f-4e21-9d57-14eb57ea3cff}</UniqueIdentifier>
    </Filter>
    <Filter Include="FX">
      <UniqueIdentifier>{0a2287c1-0402-49bb-8bf6-35b76d3393eb}</UniqueIdentifier>
    </Filter>
  </ItemGroup>
  <ItemGroup>
    <ClInclude Include="RayTracer.h">
      <Filter>Header Files</Filter>
    </ClInclude>
    <ClInclude Include="framework.h">
      <Filter>Header Files</Filter>
    </ClInclude>
    <ClInclude Include="targetver.h">
      <Filter>Header Files</Filter>
    </ClInclude>
    <ClInclude Include="MainFrm.h">
      <Filter>Header Files</Filter>
    </ClInclude>
    <ClInclude Include="RayTracerDoc.h">
      <Filter>Header Files</Filter>
    </ClInclude>
    <ClInclude Include="RayTracerView.h">
      <Filter>Header Files</Filter>
    </ClInclude>
    <ClInclude Include="LeftView.h">
      <Filter>Header Files</Filter>
    </ClInclude>
    <ClInclude Include="Resource.h">
      <Filter>Header Files</Filter>
    </ClInclude>
    <ClInclude Include="pch.h">
      <Filter>Header Files</Filter>
    </ClInclude>
    <ClInclude Include="SideView.h">
      <Filter>Header Files</Filter>
    </ClInclude>
    <ClInclude Include="Camera.h">
      <Filter>Header Files\DirectX Helpers</Filter>
    </ClInclude>
    <ClInclude Include="D3DObjMesh.h">
      <Filter>Header Files\DirectX Helpers</Filter>
    </ClInclude>
    <ClInclude Include="d3dUtil.h">
      <Filter>Header Files\DirectX Helpers</Filter>
    </ClInclude>
    <ClInclude Include="DDSTextureLoader.h">
      <Filter>Header Files\DirectX Helpers</Filter>
    </ClInclude>
    <ClInclude Include="dxerr.h">
      <Filter>Header Files\DirectX Helpers</Filter>
    </ClInclude>
    <ClInclude Include="Effects.h">
      <Filter>Header Files\DirectX Helpers</Filter>
    </ClInclude>
    <ClInclude Include="GameTimer.h">
      <Filter>Header Files\DirectX Helpers</Filter>
    </ClInclude>
    <ClInclude Include="LightHelper.h">
      <Filter>Header Files\DirectX Helpers</Filter>
    </ClInclude>
    <ClInclude Include="MathHelper.h">
      <Filter>Header Files\DirectX Helpers</Filter>
    </ClInclude>
    <ClInclude Include="ObjLoader.h">
      <Filter>Header Files\DirectX Helpers</Filter>
    </ClInclude>
    <ClInclude Include="RenderStates.h">
      <Filter>Header Files\DirectX Helpers</Filter>
    </ClInclude>
    <ClInclude Include="Vertex.h">
      <Filter>Header Files\DirectX Helpers</Filter>
    </ClInclude>
    <ClInclude Include="xnacollision.h">
      <Filter>Header Files\DirectX Helpers</Filter>
    </ClInclude>
    <ClInclude Include="WICTextureLoader11.h">
      <Filter>Header Files\DirectX Helpers</Filter>
    </ClInclude>
    <ClInclude Include="GeometryGenerator.h">
      <Filter>Header Files\DirectX Helpers</Filter>
    </ClInclude>
    <ClInclude Include="PathTracer.h">
      <Filter>Header Files</Filter>
    </ClInclude>
    <ClInclude Include="Vec.h">
      <Filter>Header Files</Filter>
    </ClInclude>
    <ClInclude Include="ImageDlg.h">
      <Filter>Header Files</Filter>
    </ClInclude>
    <ClInclude Include="CUDAProgress.h">
      <Filter>Header Files</Filter>
    </ClInclude>
  </ItemGroup>
  <ItemGroup>
    <ClCompile Include="RayTracer.cpp">
      <Filter>Source Files</Filter>
    </ClCompile>
    <ClCompile Include="MainFrm.cpp">
      <Filter>Source Files</Filter>
    </ClCompile>
    <ClCompile Include="RayTracerDoc.cpp">
      <Filter>Source Files</Filter>
    </ClCompile>
    <ClCompile Include="RayTracerView.cpp">
      <Filter>Source Files</Filter>
    </ClCompile>
    <ClCompile Include="LeftView.cpp">
      <Filter>Source Files</Filter>
    </ClCompile>
    <ClCompile Include="pch.cpp">
      <Filter>Source Files</Filter>
    </ClCompile>
    <ClCompile Include="SideView.cpp">
      <Filter>Source Files</Filter>
    </ClCompile>
    <ClCompile Include="Camera.cpp">
      <Filter>Source Files\DirectX Helpers</Filter>
    </ClCompile>
    <ClCompile Include="D3DObjMesh.cpp">
      <Filter>Source Files\DirectX Helpers</Filter>
    </ClCompile>
    <ClCompile Include="d3dUtil.cpp">
      <Filter>Source Files\DirectX Helpers</Filter>
    </ClCompile>
    <ClCompile Include="DDSTextureLoader.cpp">
      <Filter>Source Files\DirectX Helpers</Filter>
    </ClCompile>
    <ClCompile Include="dxerr.cpp">
      <Filter>Source Files\DirectX Helpers</Filter>
    </ClCompile>
    <ClCompile Include="Effects.cpp">
      <Filter>Source Files\DirectX Helpers</Filter>
    </ClCompile>
    <ClCompile Include="GameTimer.cpp">
      <Filter>Source Files\DirectX Helpers</Filter>
    </ClCompile>
    <ClCompile Include="LightHelper.cpp">
      <Filter>Source Files\DirectX Helpers</Filter>
    </ClCompile>
    <ClCompile Include="MathHelper.cpp">
      <Filter>Source Files\DirectX Helpers</Filter>
    </ClCompile>
    <ClCompile Include="ObjLoader.cpp">
      <Filter>Source Files\DirectX Helpers</Filter>
    </ClCompile>
    <ClCompile Include="RenderStates.cpp">
      <Filter>Source Files\DirectX Helpers</Filter>
    </ClCompile>
    <ClCompile Include="Vertex.cpp">
      <Filter>Source Files\DirectX Helpers</Filter>
    </ClCompile>
    <ClCompile Include="xnacollision.cpp">
      <Filter>Source Files\DirectX Helpers</Filter>
    </ClCompile>
    <ClCompile Include="WICTextureLoader11.cpp">
      <Filter>Source Files\DirectX Helpers</Filter>
    </ClCompile>
    <ClCompile Include="GeometryGenerator.cpp">
      <Filter>Source Files\DirectX Helpers</Filter>
    </ClCompile>
    <ClCompile Include="ImageDlg.cpp">
      <Filter>Source Files</Filter>
    </ClCompile>
    <ClCompile Include="Mesh.cpp">
      <Filter>Source Files</Filter>
    </ClCompile>
  </ItemGroup>
  <ItemGroup>
    <ResourceCompile Include="RayTracer.rc">
      <Filter>Resource Files</Filter>
    </ResourceCompile>
  </ItemGroup>
  <ItemGroup>
    <None Include="res\RayTracer.rc2">
      <Filter>Resource Files</Filter>
    </None>
  </ItemGroup>
  <ItemGroup>
    <Image Include="res\RayTracerDoc.ico">
      <Filter>Resource Files</Filter>
    </Image>
    <Image Include="res\RayTracer.ico">
      <Filter>Resource Files</Filter>
    </Image>
    <Image Include="res\Toolbar.bmp">
      <Filter>Resource Files</Filter>
    </Image>
  </ItemGroup>
  <ItemGroup>
    <FxCompile Include="FX\LightHelper.fx">
      <Filter>FX</Filter>
    </FxCompile>
  </ItemGroup>
  <ItemGroup>
    <CustomBuild Include="FX\Basic.fx">
      <Filter>FX</Filter>
    </CustomBuild>
  </ItemGroup>
  <ItemGroup>
    <CudaCompile Include="PathTracer.cu" />
  </ItemGroup>
</Project>